// !$*UTF8*$!
{
	archiveVersion = 1;
	classes = {
	};
	objectVersion = 50;
	objects = {

/* Begin PBXBuildFile section */
		3224938B224D1F88007D9DA2 /* luanet.h in Headers */ = {isa = PBXBuildFile; fileRef = 32249387224D1F88007D9DA2 /* luanet.h */; settings = {ATTRIBUTES = (Public, ); }; };
		3224938C224D1F88007D9DA2 /* luanet.c in Sources */ = {isa = PBXBuildFile; fileRef = 32249389224D1F88007D9DA2 /* luanet.c */; };
		3224938D224D1F88007D9DA2 /* luanet.c in Sources */ = {isa = PBXBuildFile; fileRef = 32249389224D1F88007D9DA2 /* luanet.c */; };
		32A675722376D68B00124624 /* lmem.h in Headers */ = {isa = PBXBuildFile; fileRef = 32A675342376D68A00124624 /* lmem.h */; settings = {ATTRIBUTES = (Private, ); }; };
		32A675732376D68B00124624 /* llimits.h in Headers */ = {isa = PBXBuildFile; fileRef = 32A675352376D68A00124624 /* llimits.h */; settings = {ATTRIBUTES = (Private, ); }; };
		32A675742376D68B00124624 /* lzio.h in Headers */ = {isa = PBXBuildFile; fileRef = 32A675362376D68A00124624 /* lzio.h */; settings = {ATTRIBUTES = (Private, ); }; };
		32A675752376D68B00124624 /* lgc.h in Headers */ = {isa = PBXBuildFile; fileRef = 32A675372376D68A00124624 /* lgc.h */; settings = {ATTRIBUTES = (Private, ); }; };
		32A675762376D68B00124624 /* lopcodes.c in Sources */ = {isa = PBXBuildFile; fileRef = 32A675382376D68A00124624 /* lopcodes.c */; };
		32A675772376D68B00124624 /* lopcodes.c in Sources */ = {isa = PBXBuildFile; fileRef = 32A675382376D68A00124624 /* lopcodes.c */; };
		32A675782376D68B00124624 /* lstate.c in Sources */ = {isa = PBXBuildFile; fileRef = 32A675392376D68A00124624 /* lstate.c */; };
		32A675792376D68B00124624 /* lstate.c in Sources */ = {isa = PBXBuildFile; fileRef = 32A675392376D68A00124624 /* lstate.c */; };
		32A6757A2376D68B00124624 /* lobject.c in Sources */ = {isa = PBXBuildFile; fileRef = 32A6753A2376D68A00124624 /* lobject.c */; };
		32A6757B2376D68B00124624 /* lobject.c in Sources */ = {isa = PBXBuildFile; fileRef = 32A6753A2376D68A00124624 /* lobject.c */; };
		32A6757C2376D68B00124624 /* lvm.c in Sources */ = {isa = PBXBuildFile; fileRef = 32A6753B2376D68A00124624 /* lvm.c */; };
		32A6757D2376D68B00124624 /* lvm.c in Sources */ = {isa = PBXBuildFile; fileRef = 32A6753B2376D68A00124624 /* lvm.c */; };
		32A6757E2376D68B00124624 /* lfunc.c in Sources */ = {isa = PBXBuildFile; fileRef = 32A6753C2376D68A00124624 /* lfunc.c */; };
		32A6757F2376D68B00124624 /* lfunc.c in Sources */ = {isa = PBXBuildFile; fileRef = 32A6753C2376D68A00124624 /* lfunc.c */; };
		32A675802376D68B00124624 /* ldebug.h in Headers */ = {isa = PBXBuildFile; fileRef = 32A6753D2376D68A00124624 /* ldebug.h */; settings = {ATTRIBUTES = (Private, ); }; };
		32A675812376D68B00124624 /* lcode.h in Headers */ = {isa = PBXBuildFile; fileRef = 32A6753E2376D68A00124624 /* lcode.h */; settings = {ATTRIBUTES = (Private, ); }; };
		32A675822376D68B00124624 /* lapi.h in Headers */ = {isa = PBXBuildFile; fileRef = 32A6753F2376D68A00124624 /* lapi.h */; settings = {ATTRIBUTES = (Private, ); }; };
		32A675832376D68B00124624 /* lstring.c in Sources */ = {isa = PBXBuildFile; fileRef = 32A675402376D68A00124624 /* lstring.c */; };
		32A675842376D68B00124624 /* lstring.c in Sources */ = {isa = PBXBuildFile; fileRef = 32A675402376D68A00124624 /* lstring.c */; };
		32A675852376D68B00124624 /* ldo.h in Headers */ = {isa = PBXBuildFile; fileRef = 32A675412376D68A00124624 /* ldo.h */; settings = {ATTRIBUTES = (Private, ); }; };
		32A675862376D68B00124624 /* lundump.c in Sources */ = {isa = PBXBuildFile; fileRef = 32A675422376D68A00124624 /* lundump.c */; };
		32A675872376D68B00124624 /* lundump.c in Sources */ = {isa = PBXBuildFile; fileRef = 32A675422376D68A00124624 /* lundump.c */; };
		32A675882376D68B00124624 /* lctype.c in Sources */ = {isa = PBXBuildFile; fileRef = 32A675432376D68A00124624 /* lctype.c */; };
		32A675892376D68B00124624 /* lctype.c in Sources */ = {isa = PBXBuildFile; fileRef = 32A675432376D68A00124624 /* lctype.c */; };
		32A6758A2376D68B00124624 /* llex.h in Headers */ = {isa = PBXBuildFile; fileRef = 32A675442376D68A00124624 /* llex.h */; settings = {ATTRIBUTES = (Private, ); }; };
		32A6758B2376D68B00124624 /* ltm.h in Headers */ = {isa = PBXBuildFile; fileRef = 32A675452376D68A00124624 /* ltm.h */; settings = {ATTRIBUTES = (Private, ); }; };
		32A6758C2376D68B00124624 /* ltable.c in Sources */ = {isa = PBXBuildFile; fileRef = 32A675462376D68A00124624 /* ltable.c */; };
		32A6758D2376D68B00124624 /* ltable.c in Sources */ = {isa = PBXBuildFile; fileRef = 32A675462376D68A00124624 /* ltable.c */; };
		32A6758E2376D68B00124624 /* lparser.h in Headers */ = {isa = PBXBuildFile; fileRef = 32A675472376D68A00124624 /* lparser.h */; settings = {ATTRIBUTES = (Private, ); }; };
		32A6758F2376D68B00124624 /* ldump.c in Sources */ = {isa = PBXBuildFile; fileRef = 32A675482376D68A00124624 /* ldump.c */; };
		32A675902376D68B00124624 /* ldump.c in Sources */ = {isa = PBXBuildFile; fileRef = 32A675482376D68A00124624 /* ldump.c */; };
		32A675912376D68B00124624 /* lobject.h in Headers */ = {isa = PBXBuildFile; fileRef = 32A675492376D68A00124624 /* lobject.h */; settings = {ATTRIBUTES = (Private, ); }; };
		32A675922376D68B00124624 /* lstate.h in Headers */ = {isa = PBXBuildFile; fileRef = 32A6754A2376D68A00124624 /* lstate.h */; settings = {ATTRIBUTES = (Private, ); }; };
		32A675932376D68B00124624 /* lopcodes.h in Headers */ = {isa = PBXBuildFile; fileRef = 32A6754B2376D68A00124624 /* lopcodes.h */; settings = {ATTRIBUTES = (Private, ); }; };
		32A675942376D68B00124624 /* lgc.c in Sources */ = {isa = PBXBuildFile; fileRef = 32A6754C2376D68A00124624 /* lgc.c */; };
		32A675952376D68B00124624 /* lgc.c in Sources */ = {isa = PBXBuildFile; fileRef = 32A6754C2376D68A00124624 /* lgc.c */; };
		32A675962376D68B00124624 /* lzio.c in Sources */ = {isa = PBXBuildFile; fileRef = 32A6754D2376D68A00124624 /* lzio.c */; };
		32A675972376D68B00124624 /* lzio.c in Sources */ = {isa = PBXBuildFile; fileRef = 32A6754D2376D68A00124624 /* lzio.c */; };
		32A675982376D68B00124624 /* lmem.c in Sources */ = {isa = PBXBuildFile; fileRef = 32A6754E2376D68A00124624 /* lmem.c */; };
		32A675992376D68B00124624 /* lmem.c in Sources */ = {isa = PBXBuildFile; fileRef = 32A6754E2376D68A00124624 /* lmem.c */; };
		32A6759A2376D68B00124624 /* lvm.h in Headers */ = {isa = PBXBuildFile; fileRef = 32A6754F2376D68A00124624 /* lvm.h */; settings = {ATTRIBUTES = (Private, ); }; };
		32A6759B2376D68B00124624 /* lstring.h in Headers */ = {isa = PBXBuildFile; fileRef = 32A675502376D68A00124624 /* lstring.h */; settings = {ATTRIBUTES = (Private, ); }; };
		32A6759C2376D68B00124624 /* lcode.c in Sources */ = {isa = PBXBuildFile; fileRef = 32A675512376D68A00124624 /* lcode.c */; };
		32A6759D2376D68B00124624 /* lcode.c in Sources */ = {isa = PBXBuildFile; fileRef = 32A675512376D68A00124624 /* lcode.c */; };
		32A6759E2376D68B00124624 /* lapi.c in Sources */ = {isa = PBXBuildFile; fileRef = 32A675522376D68A00124624 /* lapi.c */; };
		32A6759F2376D68B00124624 /* lapi.c in Sources */ = {isa = PBXBuildFile; fileRef = 32A675522376D68A00124624 /* lapi.c */; };
		32A675A02376D68B00124624 /* ldebug.c in Sources */ = {isa = PBXBuildFile; fileRef = 32A675532376D68A00124624 /* ldebug.c */; };
		32A675A12376D68B00124624 /* ldebug.c in Sources */ = {isa = PBXBuildFile; fileRef = 32A675532376D68A00124624 /* ldebug.c */; };
		32A675A22376D68B00124624 /* lfunc.h in Headers */ = {isa = PBXBuildFile; fileRef = 32A675542376D68A00124624 /* lfunc.h */; settings = {ATTRIBUTES = (Private, ); }; };
		32A675A32376D68B00124624 /* lprefix.h in Headers */ = {isa = PBXBuildFile; fileRef = 32A675552376D68A00124624 /* lprefix.h */; settings = {ATTRIBUTES = (Private, ); }; };
		32A675A42376D68B00124624 /* lparser.c in Sources */ = {isa = PBXBuildFile; fileRef = 32A675562376D68A00124624 /* lparser.c */; };
		32A675A52376D68B00124624 /* lparser.c in Sources */ = {isa = PBXBuildFile; fileRef = 32A675562376D68A00124624 /* lparser.c */; };
		32A675A62376D68B00124624 /* llex.c in Sources */ = {isa = PBXBuildFile; fileRef = 32A675572376D68B00124624 /* llex.c */; };
		32A675A72376D68B00124624 /* llex.c in Sources */ = {isa = PBXBuildFile; fileRef = 32A675572376D68B00124624 /* llex.c */; };
		32A675A82376D68B00124624 /* ltable.h in Headers */ = {isa = PBXBuildFile; fileRef = 32A675582376D68B00124624 /* ltable.h */; settings = {ATTRIBUTES = (Private, ); }; };
		32A675A92376D68B00124624 /* ltm.c in Sources */ = {isa = PBXBuildFile; fileRef = 32A675592376D68B00124624 /* ltm.c */; };
		32A675AA2376D68B00124624 /* ltm.c in Sources */ = {isa = PBXBuildFile; fileRef = 32A675592376D68B00124624 /* ltm.c */; };
		32A675AB2376D68B00124624 /* lctype.h in Headers */ = {isa = PBXBuildFile; fileRef = 32A6755A2376D68B00124624 /* lctype.h */; settings = {ATTRIBUTES = (Private, ); }; };
		32A675AC2376D68B00124624 /* ldo.c in Sources */ = {isa = PBXBuildFile; fileRef = 32A6755B2376D68B00124624 /* ldo.c */; };
		32A675AD2376D68B00124624 /* ldo.c in Sources */ = {isa = PBXBuildFile; fileRef = 32A6755B2376D68B00124624 /* ldo.c */; };
		32A675AE2376D68B00124624 /* lundump.h in Headers */ = {isa = PBXBuildFile; fileRef = 32A6755C2376D68B00124624 /* lundump.h */; settings = {ATTRIBUTES = (Private, ); }; };
		32A675AF2376D68B00124624 /* luaconf.h in Headers */ = {isa = PBXBuildFile; fileRef = 32A6755E2376D68B00124624 /* luaconf.h */; settings = {ATTRIBUTES = (Public, ); }; };
		32A675B02376D68B00124624 /* lua.hpp in Headers */ = {isa = PBXBuildFile; fileRef = 32A6755F2376D68B00124624 /* lua.hpp */; settings = {ATTRIBUTES = (Public, ); }; };
		32A675B12376D68B00124624 /* lualib.h in Headers */ = {isa = PBXBuildFile; fileRef = 32A675602376D68B00124624 /* lualib.h */; settings = {ATTRIBUTES = (Public, ); }; };
		32A675B22376D68B00124624 /* lauxlib.h in Headers */ = {isa = PBXBuildFile; fileRef = 32A675612376D68B00124624 /* lauxlib.h */; settings = {ATTRIBUTES = (Public, ); }; };
		32A675B32376D68B00124624 /* lua.h in Headers */ = {isa = PBXBuildFile; fileRef = 32A675622376D68B00124624 /* lua.h */; settings = {ATTRIBUTES = (Public, ); }; };
		32A675B42376D68B00124624 /* lauxlib.c in Sources */ = {isa = PBXBuildFile; fileRef = 32A675642376D68B00124624 /* lauxlib.c */; };
		32A675B52376D68B00124624 /* lauxlib.c in Sources */ = {isa = PBXBuildFile; fileRef = 32A675642376D68B00124624 /* lauxlib.c */; };
		32A675B62376D68B00124624 /* liolib.c in Sources */ = {isa = PBXBuildFile; fileRef = 32A675652376D68B00124624 /* liolib.c */; };
		32A675B72376D68B00124624 /* liolib.c in Sources */ = {isa = PBXBuildFile; fileRef = 32A675652376D68B00124624 /* liolib.c */; };
		32A675B82376D68B00124624 /* lmathlib.c in Sources */ = {isa = PBXBuildFile; fileRef = 32A675662376D68B00124624 /* lmathlib.c */; };
		32A675B92376D68B00124624 /* lmathlib.c in Sources */ = {isa = PBXBuildFile; fileRef = 32A675662376D68B00124624 /* lmathlib.c */; };
		32A675BA2376D68B00124624 /* loadlib.c in Sources */ = {isa = PBXBuildFile; fileRef = 32A675672376D68B00124624 /* loadlib.c */; };
		32A675BB2376D68B00124624 /* loadlib.c in Sources */ = {isa = PBXBuildFile; fileRef = 32A675672376D68B00124624 /* loadlib.c */; };
		32A675BC2376D68B00124624 /* lstrlib.c in Sources */ = {isa = PBXBuildFile; fileRef = 32A675682376D68B00124624 /* lstrlib.c */; };
		32A675BD2376D68B00124624 /* lstrlib.c in Sources */ = {isa = PBXBuildFile; fileRef = 32A675682376D68B00124624 /* lstrlib.c */; };
		32A675BE2376D68B00124624 /* linit.c in Sources */ = {isa = PBXBuildFile; fileRef = 32A675692376D68B00124624 /* linit.c */; };
		32A675BF2376D68B00124624 /* linit.c in Sources */ = {isa = PBXBuildFile; fileRef = 32A675692376D68B00124624 /* linit.c */; };
		32A675C02376D68B00124624 /* loslib.c in Sources */ = {isa = PBXBuildFile; fileRef = 32A6756A2376D68B00124624 /* loslib.c */; };
		32A675C12376D68B00124624 /* loslib.c in Sources */ = {isa = PBXBuildFile; fileRef = 32A6756A2376D68B00124624 /* loslib.c */; };
		32A675C22376D68B00124624 /* ldblib.c in Sources */ = {isa = PBXBuildFile; fileRef = 32A6756B2376D68B00124624 /* ldblib.c */; };
		32A675C32376D68B00124624 /* ldblib.c in Sources */ = {isa = PBXBuildFile; fileRef = 32A6756B2376D68B00124624 /* ldblib.c */; };
		32A675C42376D68B00124624 /* lutf8lib.c in Sources */ = {isa = PBXBuildFile; fileRef = 32A6756C2376D68B00124624 /* lutf8lib.c */; };
		32A675C52376D68B00124624 /* lutf8lib.c in Sources */ = {isa = PBXBuildFile; fileRef = 32A6756C2376D68B00124624 /* lutf8lib.c */; };
		32A675C62376D68B00124624 /* lcorolib.c in Sources */ = {isa = PBXBuildFile; fileRef = 32A6756D2376D68B00124624 /* lcorolib.c */; };
		32A675C72376D68B00124624 /* lcorolib.c in Sources */ = {isa = PBXBuildFile; fileRef = 32A6756D2376D68B00124624 /* lcorolib.c */; };
		32A675C82376D68B00124624 /* ltablib.c in Sources */ = {isa = PBXBuildFile; fileRef = 32A6756E2376D68B00124624 /* ltablib.c */; };
		32A675C92376D68B00124624 /* ltablib.c in Sources */ = {isa = PBXBuildFile; fileRef = 32A6756E2376D68B00124624 /* ltablib.c */; };
		32A675CA2376D68B00124624 /* lbitlib.c in Sources */ = {isa = PBXBuildFile; fileRef = 32A6756F2376D68B00124624 /* lbitlib.c */; };
		32A675CB2376D68B00124624 /* lbitlib.c in Sources */ = {isa = PBXBuildFile; fileRef = 32A6756F2376D68B00124624 /* lbitlib.c */; };
		32A675CC2376D68B00124624 /* lbaselib.c in Sources */ = {isa = PBXBuildFile; fileRef = 32A675702376D68B00124624 /* lbaselib.c */; };
		32A675CD2376D68B00124624 /* lbaselib.c in Sources */ = {isa = PBXBuildFile; fileRef = 32A675702376D68B00124624 /* lbaselib.c */; };
		32CE994E21F2EAF20025DDF5 /* luawithlib.h in Headers */ = {isa = PBXBuildFile; fileRef = 32CE994C21F2EAF20025DDF5 /* luawithlib.h */; settings = {ATTRIBUTES = (Public, ); }; };
		32CE9A3B21F2EBBC0025DDF5 /* tcp.h in Headers */ = {isa = PBXBuildFile; fileRef = 32CE99B221F2EBBC0025DDF5 /* tcp.h */; settings = {ATTRIBUTES = (Private, ); }; };
		32CE9A3C21F2EBBC0025DDF5 /* unixdgram.h in Headers */ = {isa = PBXBuildFile; fileRef = 32CE99B321F2EBBC0025DDF5 /* unixdgram.h */; settings = {ATTRIBUTES = (Private, ); }; };
		32CE9A3D21F2EBBC0025DDF5 /* mime.h in Headers */ = {isa = PBXBuildFile; fileRef = 32CE99B421F2EBBC0025DDF5 /* mime.h */; settings = {ATTRIBUTES = (Private, ); }; };
		32CE9A3E21F2EBBC0025DDF5 /* unixstream.h in Headers */ = {isa = PBXBuildFile; fileRef = 32CE99B521F2EBBC0025DDF5 /* unixstream.h */; settings = {ATTRIBUTES = (Private, ); }; };
		32CE9A3F21F2EBBC0025DDF5 /* auxiliar.h in Headers */ = {isa = PBXBuildFile; fileRef = 32CE99B621F2EBBC0025DDF5 /* auxiliar.h */; settings = {ATTRIBUTES = (Private, ); }; };
		32CE9A4021F2EBBC0025DDF5 /* usocket.h in Headers */ = {isa = PBXBuildFile; fileRef = 32CE99B721F2EBBC0025DDF5 /* usocket.h */; settings = {ATTRIBUTES = (Private, ); }; };
		32CE9A4121F2EBBC0025DDF5 /* luasocket.h in Headers */ = {isa = PBXBuildFile; fileRef = 32CE99B821F2EBBC0025DDF5 /* luasocket.h */; settings = {ATTRIBUTES = (Public, ); }; };
		32CE9A4221F2EBBC0025DDF5 /* inet.h in Headers */ = {isa = PBXBuildFile; fileRef = 32CE99B921F2EBBC0025DDF5 /* inet.h */; settings = {ATTRIBUTES = (Private, ); }; };
		32CE9A4421F2EBBC0025DDF5 /* options.h in Headers */ = {isa = PBXBuildFile; fileRef = 32CE99BB21F2EBBC0025DDF5 /* options.h */; settings = {ATTRIBUTES = (Private, ); }; };
		32CE9A4521F2EBBC0025DDF5 /* except.h in Headers */ = {isa = PBXBuildFile; fileRef = 32CE99BC21F2EBBC0025DDF5 /* except.h */; settings = {ATTRIBUTES = (Private, ); }; };
		32CE9A4621F2EBBC0025DDF5 /* pierror.h in Headers */ = {isa = PBXBuildFile; fileRef = 32CE99BD21F2EBBC0025DDF5 /* pierror.h */; settings = {ATTRIBUTES = (Private, ); }; };
		32CE9A4721F2EBBC0025DDF5 /* buffer.h in Headers */ = {isa = PBXBuildFile; fileRef = 32CE99BE21F2EBBC0025DDF5 /* buffer.h */; settings = {ATTRIBUTES = (Private, ); }; };
		32CE9A4821F2EBBC0025DDF5 /* io.h in Headers */ = {isa = PBXBuildFile; fileRef = 32CE99BF21F2EBBC0025DDF5 /* io.h */; settings = {ATTRIBUTES = (Private, ); }; };
		32CE9A4921F2EBBC0025DDF5 /* compat.h in Headers */ = {isa = PBXBuildFile; fileRef = 32CE99C021F2EBBC0025DDF5 /* compat.h */; settings = {ATTRIBUTES = (Private, ); }; };
		32CE9A4A21F2EBBC0025DDF5 /* timeout.h in Headers */ = {isa = PBXBuildFile; fileRef = 32CE99C121F2EBBC0025DDF5 /* timeout.h */; settings = {ATTRIBUTES = (Private, ); }; };
		32CE9A4B21F2EBBC0025DDF5 /* socket.h in Headers */ = {isa = PBXBuildFile; fileRef = 32CE99C221F2EBBC0025DDF5 /* socket.h */; settings = {ATTRIBUTES = (Private, ); }; };
		32CE9A4C21F2EBBC0025DDF5 /* udp.h in Headers */ = {isa = PBXBuildFile; fileRef = 32CE99C321F2EBBC0025DDF5 /* udp.h */; settings = {ATTRIBUTES = (Private, ); }; };
		32CE9A4D21F2EBBC0025DDF5 /* unix.h in Headers */ = {isa = PBXBuildFile; fileRef = 32CE99C421F2EBBC0025DDF5 /* unix.h */; settings = {ATTRIBUTES = (Private, ); }; };
		32CE9A4E21F2EBBC0025DDF5 /* select.h in Headers */ = {isa = PBXBuildFile; fileRef = 32CE99C521F2EBBC0025DDF5 /* select.h */; settings = {ATTRIBUTES = (Private, ); }; };
		32CE9A4F21F2EBBC0025DDF5 /* buffer.c in Sources */ = {isa = PBXBuildFile; fileRef = 32CE99C721F2EBBC0025DDF5 /* buffer.c */; };
		32CE9A5021F2EBBC0025DDF5 /* serial.c in Sources */ = {isa = PBXBuildFile; fileRef = 32CE99C821F2EBBC0025DDF5 /* serial.c */; };
		32CE9A5121F2EBBC0025DDF5 /* compat.c in Sources */ = {isa = PBXBuildFile; fileRef = 32CE99C921F2EBBC0025DDF5 /* compat.c */; };
		32CE9A5221F2EBBC0025DDF5 /* io.c in Sources */ = {isa = PBXBuildFile; fileRef = 32CE99CA21F2EBBC0025DDF5 /* io.c */; };
		32CE9A5321F2EBBC0025DDF5 /* timeout.c in Sources */ = {isa = PBXBuildFile; fileRef = 32CE99CB21F2EBBC0025DDF5 /* timeout.c */; };
		32CE9A5421F2EBBC0025DDF5 /* select.c in Sources */ = {isa = PBXBuildFile; fileRef = 32CE99CC21F2EBBC0025DDF5 /* select.c */; };
		32CE9A5521F2EBBC0025DDF5 /* unix.c in Sources */ = {isa = PBXBuildFile; fileRef = 32CE99CD21F2EBBC0025DDF5 /* unix.c */; };
		32CE9A5621F2EBBC0025DDF5 /* udp.c in Sources */ = {isa = PBXBuildFile; fileRef = 32CE99CE21F2EBBC0025DDF5 /* udp.c */; };
		32CE9A5721F2EBBC0025DDF5 /* mime.c in Sources */ = {isa = PBXBuildFile; fileRef = 32CE99CF21F2EBBC0025DDF5 /* mime.c */; };
		32CE9A5821F2EBBC0025DDF5 /* unixdgram.c in Sources */ = {isa = PBXBuildFile; fileRef = 32CE99D021F2EBBC0025DDF5 /* unixdgram.c */; };
		32CE9A5921F2EBBC0025DDF5 /* tcp.c in Sources */ = {isa = PBXBuildFile; fileRef = 32CE99D121F2EBBC0025DDF5 /* tcp.c */; };
		32CE9A5A21F2EBBC0025DDF5 /* usocket.c in Sources */ = {isa = PBXBuildFile; fileRef = 32CE99D221F2EBBC0025DDF5 /* usocket.c */; };
		32CE9A5B21F2EBBC0025DDF5 /* auxiliar.c in Sources */ = {isa = PBXBuildFile; fileRef = 32CE99D321F2EBBC0025DDF5 /* auxiliar.c */; };
		32CE9A5C21F2EBBC0025DDF5 /* unixstream.c in Sources */ = {isa = PBXBuildFile; fileRef = 32CE99D421F2EBBC0025DDF5 /* unixstream.c */; };
		32CE9A5D21F2EBBC0025DDF5 /* inet.c in Sources */ = {isa = PBXBuildFile; fileRef = 32CE99D521F2EBBC0025DDF5 /* inet.c */; };
		32CE9A5F21F2EBBC0025DDF5 /* luasocket.c in Sources */ = {isa = PBXBuildFile; fileRef = 32CE99D721F2EBBC0025DDF5 /* luasocket.c */; };
		32CE9A6021F2EBBC0025DDF5 /* except.c in Sources */ = {isa = PBXBuildFile; fileRef = 32CE99D821F2EBBC0025DDF5 /* except.c */; };
		32CE9A6121F2EBBC0025DDF5 /* options.c in Sources */ = {isa = PBXBuildFile; fileRef = 32CE99D921F2EBBC0025DDF5 /* options.c */; };
		32CE9A7A21F2ECEC0025DDF5 /* buffer.c in Sources */ = {isa = PBXBuildFile; fileRef = 32CE99C721F2EBBC0025DDF5 /* buffer.c */; };
		32CE9A7B21F2ECEC0025DDF5 /* serial.c in Sources */ = {isa = PBXBuildFile; fileRef = 32CE99C821F2EBBC0025DDF5 /* serial.c */; };
		32CE9A7C21F2ECEC0025DDF5 /* compat.c in Sources */ = {isa = PBXBuildFile; fileRef = 32CE99C921F2EBBC0025DDF5 /* compat.c */; };
		32CE9A7D21F2ECEC0025DDF5 /* io.c in Sources */ = {isa = PBXBuildFile; fileRef = 32CE99CA21F2EBBC0025DDF5 /* io.c */; };
		32CE9A7E21F2ECEC0025DDF5 /* timeout.c in Sources */ = {isa = PBXBuildFile; fileRef = 32CE99CB21F2EBBC0025DDF5 /* timeout.c */; };
		32CE9A7F21F2ECEC0025DDF5 /* select.c in Sources */ = {isa = PBXBuildFile; fileRef = 32CE99CC21F2EBBC0025DDF5 /* select.c */; };
		32CE9A8021F2ECEC0025DDF5 /* unix.c in Sources */ = {isa = PBXBuildFile; fileRef = 32CE99CD21F2EBBC0025DDF5 /* unix.c */; };
		32CE9A8121F2ECEC0025DDF5 /* udp.c in Sources */ = {isa = PBXBuildFile; fileRef = 32CE99CE21F2EBBC0025DDF5 /* udp.c */; };
		32CE9A8221F2ECEC0025DDF5 /* mime.c in Sources */ = {isa = PBXBuildFile; fileRef = 32CE99CF21F2EBBC0025DDF5 /* mime.c */; };
		32CE9A8321F2ECEC0025DDF5 /* unixdgram.c in Sources */ = {isa = PBXBuildFile; fileRef = 32CE99D021F2EBBC0025DDF5 /* unixdgram.c */; };
		32CE9A8421F2ECEC0025DDF5 /* tcp.c in Sources */ = {isa = PBXBuildFile; fileRef = 32CE99D121F2EBBC0025DDF5 /* tcp.c */; };
		32CE9A8521F2ECEC0025DDF5 /* usocket.c in Sources */ = {isa = PBXBuildFile; fileRef = 32CE99D221F2EBBC0025DDF5 /* usocket.c */; };
		32CE9A8621F2ECEC0025DDF5 /* auxiliar.c in Sources */ = {isa = PBXBuildFile; fileRef = 32CE99D321F2EBBC0025DDF5 /* auxiliar.c */; };
		32CE9A8721F2ECEC0025DDF5 /* unixstream.c in Sources */ = {isa = PBXBuildFile; fileRef = 32CE99D421F2EBBC0025DDF5 /* unixstream.c */; };
		32CE9A8821F2ECEC0025DDF5 /* inet.c in Sources */ = {isa = PBXBuildFile; fileRef = 32CE99D521F2EBBC0025DDF5 /* inet.c */; };
		32CE9A8921F2ECEC0025DDF5 /* luasocket.c in Sources */ = {isa = PBXBuildFile; fileRef = 32CE99D721F2EBBC0025DDF5 /* luasocket.c */; };
		32CE9A8A21F2ECEC0025DDF5 /* except.c in Sources */ = {isa = PBXBuildFile; fileRef = 32CE99D821F2EBBC0025DDF5 /* except.c */; };
		32CE9A8B21F2ECEC0025DDF5 /* options.c in Sources */ = {isa = PBXBuildFile; fileRef = 32CE99D921F2EBBC0025DDF5 /* options.c */; };
/* End PBXBuildFile section */

/* Begin PBXCopyFilesBuildPhase section */
		32CE9A6F21F2ECB10025DDF5 /* CopyFiles */ = {
			isa = PBXCopyFilesBuildPhase;
			buildActionMask = 2147483647;
			dstPath = "include/$(PRODUCT_NAME)";
			dstSubfolderSpec = 16;
			files = (
			);
			runOnlyForDeploymentPostprocessing = 0;
		};
/* End PBXCopyFilesBuildPhase section */

/* Begin PBXFileReference section */
		32249387224D1F88007D9DA2 /* luanet.h */ = {isa = PBXFileReference; fileEncoding = 4; lastKnownFileType = sourcecode.c.h; path = luanet.h; sourceTree = "<group>"; };
		32249389224D1F88007D9DA2 /* luanet.c */ = {isa = PBXFileReference; fileEncoding = 4; lastKnownFileType = sourcecode.c.c; path = luanet.c; sourceTree = "<group>"; };
		32A675342376D68A00124624 /* lmem.h */ = {isa = PBXFileReference; fileEncoding = 4; lastKnownFileType = sourcecode.c.h; path = lmem.h; sourceTree = "<group>"; };
		32A675352376D68A00124624 /* llimits.h */ = {isa = PBXFileReference; fileEncoding = 4; lastKnownFileType = sourcecode.c.h; path = llimits.h; sourceTree = "<group>"; };
		32A675362376D68A00124624 /* lzio.h */ = {isa = PBXFileReference; fileEncoding = 4; lastKnownFileType = sourcecode.c.h; path = lzio.h; sourceTree = "<group>"; };
		32A675372376D68A00124624 /* lgc.h */ = {isa = PBXFileReference; fileEncoding = 4; lastKnownFileType = sourcecode.c.h; path = lgc.h; sourceTree = "<group>"; };
		32A675382376D68A00124624 /* lopcodes.c */ = {isa = PBXFileReference; fileEncoding = 4; lastKnownFileType = sourcecode.c.c; path = lopcodes.c; sourceTree = "<group>"; };
		32A675392376D68A00124624 /* lstate.c */ = {isa = PBXFileReference; fileEncoding = 4; lastKnownFileType = sourcecode.c.c; path = lstate.c; sourceTree = "<group>"; };
		32A6753A2376D68A00124624 /* lobject.c */ = {isa = PBXFileReference; fileEncoding = 4; lastKnownFileType = sourcecode.c.c; path = lobject.c; sourceTree = "<group>"; };
		32A6753B2376D68A00124624 /* lvm.c */ = {isa = PBXFileReference; fileEncoding = 4; lastKnownFileType = sourcecode.c.c; path = lvm.c; sourceTree = "<group>"; };
		32A6753C2376D68A00124624 /* lfunc.c */ = {isa = PBXFileReference; fileEncoding = 4; lastKnownFileType = sourcecode.c.c; path = lfunc.c; sourceTree = "<group>"; };
		32A6753D2376D68A00124624 /* ldebug.h */ = {isa = PBXFileReference; fileEncoding = 4; lastKnownFileType = sourcecode.c.h; path = ldebug.h; sourceTree = "<group>"; };
		32A6753E2376D68A00124624 /* lcode.h */ = {isa = PBXFileReference; fileEncoding = 4; lastKnownFileType = sourcecode.c.h; path = lcode.h; sourceTree = "<group>"; };
		32A6753F2376D68A00124624 /* lapi.h */ = {isa = PBXFileReference; fileEncoding = 4; lastKnownFileType = sourcecode.c.h; path = lapi.h; sourceTree = "<group>"; };
		32A675402376D68A00124624 /* lstring.c */ = {isa = PBXFileReference; fileEncoding = 4; lastKnownFileType = sourcecode.c.c; path = lstring.c; sourceTree = "<group>"; };
		32A675412376D68A00124624 /* ldo.h */ = {isa = PBXFileReference; fileEncoding = 4; lastKnownFileType = sourcecode.c.h; path = ldo.h; sourceTree = "<group>"; };
		32A675422376D68A00124624 /* lundump.c */ = {isa = PBXFileReference; fileEncoding = 4; lastKnownFileType = sourcecode.c.c; path = lundump.c; sourceTree = "<group>"; };
		32A675432376D68A00124624 /* lctype.c */ = {isa = PBXFileReference; fileEncoding = 4; lastKnownFileType = sourcecode.c.c; path = lctype.c; sourceTree = "<group>"; };
		32A675442376D68A00124624 /* llex.h */ = {isa = PBXFileReference; fileEncoding = 4; lastKnownFileType = sourcecode.c.h; path = llex.h; sourceTree = "<group>"; };
		32A675452376D68A00124624 /* ltm.h */ = {isa = PBXFileReference; fileEncoding = 4; lastKnownFileType = sourcecode.c.h; path = ltm.h; sourceTree = "<group>"; };
		32A675462376D68A00124624 /* ltable.c */ = {isa = PBXFileReference; fileEncoding = 4; lastKnownFileType = sourcecode.c.c; path = ltable.c; sourceTree = "<group>"; };
		32A675472376D68A00124624 /* lparser.h */ = {isa = PBXFileReference; fileEncoding = 4; lastKnownFileType = sourcecode.c.h; path = lparser.h; sourceTree = "<group>"; };
		32A675482376D68A00124624 /* ldump.c */ = {isa = PBXFileReference; fileEncoding = 4; lastKnownFileType = sourcecode.c.c; path = ldump.c; sourceTree = "<group>"; };
		32A675492376D68A00124624 /* lobject.h */ = {isa = PBXFileReference; fileEncoding = 4; lastKnownFileType = sourcecode.c.h; path = lobject.h; sourceTree = "<group>"; };
		32A6754A2376D68A00124624 /* lstate.h */ = {isa = PBXFileReference; fileEncoding = 4; lastKnownFileType = sourcecode.c.h; path = lstate.h; sourceTree = "<group>"; };
		32A6754B2376D68A00124624 /* lopcodes.h */ = {isa = PBXFileReference; fileEncoding = 4; lastKnownFileType = sourcecode.c.h; path = lopcodes.h; sourceTree = "<group>"; };
		32A6754C2376D68A00124624 /* lgc.c */ = {isa = PBXFileReference; fileEncoding = 4; lastKnownFileType = sourcecode.c.c; path = lgc.c; sourceTree = "<group>"; };
		32A6754D2376D68A00124624 /* lzio.c */ = {isa = PBXFileReference; fileEncoding = 4; lastKnownFileType = sourcecode.c.c; path = lzio.c; sourceTree = "<group>"; };
		32A6754E2376D68A00124624 /* lmem.c */ = {isa = PBXFileReference; fileEncoding = 4; lastKnownFileType = sourcecode.c.c; path = lmem.c; sourceTree = "<group>"; };
		32A6754F2376D68A00124624 /* lvm.h */ = {isa = PBXFileReference; fileEncoding = 4; lastKnownFileType = sourcecode.c.h; path = lvm.h; sourceTree = "<group>"; };
		32A675502376D68A00124624 /* lstring.h */ = {isa = PBXFileReference; fileEncoding = 4; lastKnownFileType = sourcecode.c.h; path = lstring.h; sourceTree = "<group>"; };
		32A675512376D68A00124624 /* lcode.c */ = {isa = PBXFileReference; fileEncoding = 4; lastKnownFileType = sourcecode.c.c; path = lcode.c; sourceTree = "<group>"; };
		32A675522376D68A00124624 /* lapi.c */ = {isa = PBXFileReference; fileEncoding = 4; lastKnownFileType = sourcecode.c.c; path = lapi.c; sourceTree = "<group>"; };
		32A675532376D68A00124624 /* ldebug.c */ = {isa = PBXFileReference; fileEncoding = 4; lastKnownFileType = sourcecode.c.c; path = ldebug.c; sourceTree = "<group>"; };
		32A675542376D68A00124624 /* lfunc.h */ = {isa = PBXFileReference; fileEncoding = 4; lastKnownFileType = sourcecode.c.h; path = lfunc.h; sourceTree = "<group>"; };
		32A675552376D68A00124624 /* lprefix.h */ = {isa = PBXFileReference; fileEncoding = 4; lastKnownFileType = sourcecode.c.h; path = lprefix.h; sourceTree = "<group>"; };
		32A675562376D68A00124624 /* lparser.c */ = {isa = PBXFileReference; fileEncoding = 4; lastKnownFileType = sourcecode.c.c; path = lparser.c; sourceTree = "<group>"; };
		32A675572376D68B00124624 /* llex.c */ = {isa = PBXFileReference; fileEncoding = 4; lastKnownFileType = sourcecode.c.c; path = llex.c; sourceTree = "<group>"; };
		32A675582376D68B00124624 /* ltable.h */ = {isa = PBXFileReference; fileEncoding = 4; lastKnownFileType = sourcecode.c.h; path = ltable.h; sourceTree = "<group>"; };
		32A675592376D68B00124624 /* ltm.c */ = {isa = PBXFileReference; fileEncoding = 4; lastKnownFileType = sourcecode.c.c; path = ltm.c; sourceTree = "<group>"; };
		32A6755A2376D68B00124624 /* lctype.h */ = {isa = PBXFileReference; fileEncoding = 4; lastKnownFileType = sourcecode.c.h; path = lctype.h; sourceTree = "<group>"; };
		32A6755B2376D68B00124624 /* ldo.c */ = {isa = PBXFileReference; fileEncoding = 4; lastKnownFileType = sourcecode.c.c; path = ldo.c; sourceTree = "<group>"; };
		32A6755C2376D68B00124624 /* lundump.h */ = {isa = PBXFileReference; fileEncoding = 4; lastKnownFileType = sourcecode.c.h; path = lundump.h; sourceTree = "<group>"; };
		32A6755E2376D68B00124624 /* luaconf.h */ = {isa = PBXFileReference; fileEncoding = 4; lastKnownFileType = sourcecode.c.h; path = luaconf.h; sourceTree = "<group>"; };
		32A6755F2376D68B00124624 /* lua.hpp */ = {isa = PBXFileReference; fileEncoding = 4; lastKnownFileType = sourcecode.cpp.h; path = lua.hpp; sourceTree = "<group>"; };
		32A675602376D68B00124624 /* lualib.h */ = {isa = PBXFileReference; fileEncoding = 4; lastKnownFileType = sourcecode.c.h; path = lualib.h; sourceTree = "<group>"; };
		32A675612376D68B00124624 /* lauxlib.h */ = {isa = PBXFileReference; fileEncoding = 4; lastKnownFileType = sourcecode.c.h; path = lauxlib.h; sourceTree = "<group>"; };
		32A675622376D68B00124624 /* lua.h */ = {isa = PBXFileReference; fileEncoding = 4; lastKnownFileType = sourcecode.c.h; path = lua.h; sourceTree = "<group>"; };
		32A675642376D68B00124624 /* lauxlib.c */ = {isa = PBXFileReference; fileEncoding = 4; lastKnownFileType = sourcecode.c.c; path = lauxlib.c; sourceTree = "<group>"; };
		32A675652376D68B00124624 /* liolib.c */ = {isa = PBXFileReference; fileEncoding = 4; lastKnownFileType = sourcecode.c.c; path = liolib.c; sourceTree = "<group>"; };
		32A675662376D68B00124624 /* lmathlib.c */ = {isa = PBXFileReference; fileEncoding = 4; lastKnownFileType = sourcecode.c.c; path = lmathlib.c; sourceTree = "<group>"; };
		32A675672376D68B00124624 /* loadlib.c */ = {isa = PBXFileReference; fileEncoding = 4; lastKnownFileType = sourcecode.c.c; path = loadlib.c; sourceTree = "<group>"; };
		32A675682376D68B00124624 /* lstrlib.c */ = {isa = PBXFileReference; fileEncoding = 4; lastKnownFileType = sourcecode.c.c; path = lstrlib.c; sourceTree = "<group>"; };
		32A675692376D68B00124624 /* linit.c */ = {isa = PBXFileReference; fileEncoding = 4; lastKnownFileType = sourcecode.c.c; path = linit.c; sourceTree = "<group>"; };
		32A6756A2376D68B00124624 /* loslib.c */ = {isa = PBXFileReference; fileEncoding = 4; lastKnownFileType = sourcecode.c.c; path = loslib.c; sourceTree = "<group>"; };
		32A6756B2376D68B00124624 /* ldblib.c */ = {isa = PBXFileReference; fileEncoding = 4; lastKnownFileType = sourcecode.c.c; path = ldblib.c; sourceTree = "<group>"; };
		32A6756C2376D68B00124624 /* lutf8lib.c */ = {isa = PBXFileReference; fileEncoding = 4; lastKnownFileType = sourcecode.c.c; path = lutf8lib.c; sourceTree = "<group>"; };
		32A6756D2376D68B00124624 /* lcorolib.c */ = {isa = PBXFileReference; fileEncoding = 4; lastKnownFileType = sourcecode.c.c; path = lcorolib.c; sourceTree = "<group>"; };
		32A6756E2376D68B00124624 /* ltablib.c */ = {isa = PBXFileReference; fileEncoding = 4; lastKnownFileType = sourcecode.c.c; path = ltablib.c; sourceTree = "<group>"; };
		32A6756F2376D68B00124624 /* lbitlib.c */ = {isa = PBXFileReference; fileEncoding = 4; lastKnownFileType = sourcecode.c.c; path = lbitlib.c; sourceTree = "<group>"; };
		32A675702376D68B00124624 /* lbaselib.c */ = {isa = PBXFileReference; fileEncoding = 4; lastKnownFileType = sourcecode.c.c; path = lbaselib.c; sourceTree = "<group>"; };
		32CE994921F2EAF20025DDF5 /* luawithlib.framework */ = {isa = PBXFileReference; explicitFileType = wrapper.framework; includeInIndex = 0; path = luawithlib.framework; sourceTree = BUILT_PRODUCTS_DIR; };
		32CE994C21F2EAF20025DDF5 /* luawithlib.h */ = {isa = PBXFileReference; lastKnownFileType = sourcecode.c.h; path = luawithlib.h; sourceTree = "<group>"; };
		32CE994D21F2EAF20025DDF5 /* Info.plist */ = {isa = PBXFileReference; lastKnownFileType = text.plist.xml; path = Info.plist; sourceTree = "<group>"; };
		32CE99B221F2EBBC0025DDF5 /* tcp.h */ = {isa = PBXFileReference; fileEncoding = 4; lastKnownFileType = sourcecode.c.h; path = tcp.h; sourceTree = "<group>"; };
		32CE99B321F2EBBC0025DDF5 /* unixdgram.h */ = {isa = PBXFileReference; fileEncoding = 4; lastKnownFileType = sourcecode.c.h; path = unixdgram.h; sourceTree = "<group>"; };
		32CE99B421F2EBBC0025DDF5 /* mime.h */ = {isa = PBXFileReference; fileEncoding = 4; lastKnownFileType = sourcecode.c.h; path = mime.h; sourceTree = "<group>"; };
		32CE99B521F2EBBC0025DDF5 /* unixstream.h */ = {isa = PBXFileReference; fileEncoding = 4; lastKnownFileType = sourcecode.c.h; path = unixstream.h; sourceTree = "<group>"; };
		32CE99B621F2EBBC0025DDF5 /* auxiliar.h */ = {isa = PBXFileReference; fileEncoding = 4; lastKnownFileType = sourcecode.c.h; path = auxiliar.h; sourceTree = "<group>"; };
		32CE99B721F2EBBC0025DDF5 /* usocket.h */ = {isa = PBXFileReference; fileEncoding = 4; lastKnownFileType = sourcecode.c.h; path = usocket.h; sourceTree = "<group>"; };
		32CE99B821F2EBBC0025DDF5 /* luasocket.h */ = {isa = PBXFileReference; fileEncoding = 4; lastKnownFileType = sourcecode.c.h; path = luasocket.h; sourceTree = "<group>"; };
		32CE99B921F2EBBC0025DDF5 /* inet.h */ = {isa = PBXFileReference; fileEncoding = 4; lastKnownFileType = sourcecode.c.h; path = inet.h; sourceTree = "<group>"; };
		32CE99BB21F2EBBC0025DDF5 /* options.h */ = {isa = PBXFileReference; fileEncoding = 4; lastKnownFileType = sourcecode.c.h; path = options.h; sourceTree = "<group>"; };
		32CE99BC21F2EBBC0025DDF5 /* except.h */ = {isa = PBXFileReference; fileEncoding = 4; lastKnownFileType = sourcecode.c.h; path = except.h; sourceTree = "<group>"; };
		32CE99BD21F2EBBC0025DDF5 /* pierror.h */ = {isa = PBXFileReference; fileEncoding = 4; lastKnownFileType = sourcecode.c.h; path = pierror.h; sourceTree = "<group>"; };
		32CE99BE21F2EBBC0025DDF5 /* buffer.h */ = {isa = PBXFileReference; fileEncoding = 4; lastKnownFileType = sourcecode.c.h; path = buffer.h; sourceTree = "<group>"; };
		32CE99BF21F2EBBC0025DDF5 /* io.h */ = {isa = PBXFileReference; fileEncoding = 4; lastKnownFileType = sourcecode.c.h; path = io.h; sourceTree = "<group>"; };
		32CE99C021F2EBBC0025DDF5 /* compat.h */ = {isa = PBXFileReference; fileEncoding = 4; lastKnownFileType = sourcecode.c.h; path = compat.h; sourceTree = "<group>"; };
		32CE99C121F2EBBC0025DDF5 /* timeout.h */ = {isa = PBXFileReference; fileEncoding = 4; lastKnownFileType = sourcecode.c.h; path = timeout.h; sourceTree = "<group>"; };
		32CE99C221F2EBBC0025DDF5 /* socket.h */ = {isa = PBXFileReference; fileEncoding = 4; lastKnownFileType = sourcecode.c.h; path = socket.h; sourceTree = "<group>"; };
		32CE99C321F2EBBC0025DDF5 /* udp.h */ = {isa = PBXFileReference; fileEncoding = 4; lastKnownFileType = sourcecode.c.h; path = udp.h; sourceTree = "<group>"; };
		32CE99C421F2EBBC0025DDF5 /* unix.h */ = {isa = PBXFileReference; fileEncoding = 4; lastKnownFileType = sourcecode.c.h; path = unix.h; sourceTree = "<group>"; };
		32CE99C521F2EBBC0025DDF5 /* select.h */ = {isa = PBXFileReference; fileEncoding = 4; lastKnownFileType = sourcecode.c.h; path = select.h; sourceTree = "<group>"; };
		32CE99C721F2EBBC0025DDF5 /* buffer.c */ = {isa = PBXFileReference; fileEncoding = 4; lastKnownFileType = sourcecode.c.c; path = buffer.c; sourceTree = "<group>"; };
		32CE99C821F2EBBC0025DDF5 /* serial.c */ = {isa = PBXFileReference; fileEncoding = 4; lastKnownFileType = sourcecode.c.c; path = serial.c; sourceTree = "<group>"; };
		32CE99C921F2EBBC0025DDF5 /* compat.c */ = {isa = PBXFileReference; fileEncoding = 4; lastKnownFileType = sourcecode.c.c; path = compat.c; sourceTree = "<group>"; };
		32CE99CA21F2EBBC0025DDF5 /* io.c */ = {isa = PBXFileReference; fileEncoding = 4; lastKnownFileType = sourcecode.c.c; path = io.c; sourceTree = "<group>"; };
		32CE99CB21F2EBBC0025DDF5 /* timeout.c */ = {isa = PBXFileReference; fileEncoding = 4; lastKnownFileType = sourcecode.c.c; path = timeout.c; sourceTree = "<group>"; };
		32CE99CC21F2EBBC0025DDF5 /* select.c */ = {isa = PBXFileReference; fileEncoding = 4; lastKnownFileType = sourcecode.c.c; path = select.c; sourceTree = "<group>"; };
		32CE99CD21F2EBBC0025DDF5 /* unix.c */ = {isa = PBXFileReference; fileEncoding = 4; lastKnownFileType = sourcecode.c.c; path = unix.c; sourceTree = "<group>"; };
		32CE99CE21F2EBBC0025DDF5 /* udp.c */ = {isa = PBXFileReference; fileEncoding = 4; lastKnownFileType = sourcecode.c.c; path = udp.c; sourceTree = "<group>"; };
		32CE99CF21F2EBBC0025DDF5 /* mime.c */ = {isa = PBXFileReference; fileEncoding = 4; lastKnownFileType = sourcecode.c.c; path = mime.c; sourceTree = "<group>"; };
		32CE99D021F2EBBC0025DDF5 /* unixdgram.c */ = {isa = PBXFileReference; fileEncoding = 4; lastKnownFileType = sourcecode.c.c; path = unixdgram.c; sourceTree = "<group>"; };
		32CE99D121F2EBBC0025DDF5 /* tcp.c */ = {isa = PBXFileReference; fileEncoding = 4; lastKnownFileType = sourcecode.c.c; path = tcp.c; sourceTree = "<group>"; };
		32CE99D221F2EBBC0025DDF5 /* usocket.c */ = {isa = PBXFileReference; fileEncoding = 4; lastKnownFileType = sourcecode.c.c; path = usocket.c; sourceTree = "<group>"; };
		32CE99D321F2EBBC0025DDF5 /* auxiliar.c */ = {isa = PBXFileReference; fileEncoding = 4; lastKnownFileType = sourcecode.c.c; path = auxiliar.c; sourceTree = "<group>"; };
		32CE99D421F2EBBC0025DDF5 /* unixstream.c */ = {isa = PBXFileReference; fileEncoding = 4; lastKnownFileType = sourcecode.c.c; path = unixstream.c; sourceTree = "<group>"; };
		32CE99D521F2EBBC0025DDF5 /* inet.c */ = {isa = PBXFileReference; fileEncoding = 4; lastKnownFileType = sourcecode.c.c; path = inet.c; sourceTree = "<group>"; };
		32CE99D721F2EBBC0025DDF5 /* luasocket.c */ = {isa = PBXFileReference; fileEncoding = 4; lastKnownFileType = sourcecode.c.c; path = luasocket.c; sourceTree = "<group>"; };
		32CE99D821F2EBBC0025DDF5 /* except.c */ = {isa = PBXFileReference; fileEncoding = 4; lastKnownFileType = sourcecode.c.c; path = except.c; sourceTree = "<group>"; };
		32CE99D921F2EBBC0025DDF5 /* options.c */ = {isa = PBXFileReference; fileEncoding = 4; lastKnownFileType = sourcecode.c.c; path = options.c; sourceTree = "<group>"; };
		32CE9A7121F2ECB10025DDF5 /* libluawithlib.a */ = {isa = PBXFileReference; explicitFileType = archive.ar; includeInIndex = 0; path = libluawithlib.a; sourceTree = BUILT_PRODUCTS_DIR; };
/* End PBXFileReference section */

/* Begin PBXFrameworksBuildPhase section */
		32CE994621F2EAF20025DDF5 /* Frameworks */ = {
			isa = PBXFrameworksBuildPhase;
			buildActionMask = 2147483647;
			files = (
			);
			runOnlyForDeploymentPostprocessing = 0;
		};
		32CE9A6E21F2ECB10025DDF5 /* Frameworks */ = {
			isa = PBXFrameworksBuildPhase;
			buildActionMask = 2147483647;
			files = (
			);
			runOnlyForDeploymentPostprocessing = 0;
		};
/* End PBXFrameworksBuildPhase section */

/* Begin PBXGroup section */
		32249384224D1F88007D9DA2 /* luanet */ = {
			isa = PBXGroup;
			children = (
				32249386224D1F88007D9DA2 /* include */,
				32249388224D1F88007D9DA2 /* src */,
			);
			path = luanet;
			sourceTree = "<group>";
		};
		32249386224D1F88007D9DA2 /* include */ = {
			isa = PBXGroup;
			children = (
				32249387224D1F88007D9DA2 /* luanet.h */,
			);
			path = include;
			sourceTree = "<group>";
		};
		32249388224D1F88007D9DA2 /* src */ = {
			isa = PBXGroup;
			children = (
				32249389224D1F88007D9DA2 /* luanet.c */,
			);
			path = src;
			sourceTree = "<group>";
		};
		32A675312376D68A00124624 /* liblua */ = {
			isa = PBXGroup;
			children = (
				32A675332376D68A00124624 /* core */,
				32A6755D2376D68B00124624 /* include */,
				32A675632376D68B00124624 /* libraries */,
			);
			name = liblua;
			path = ../../liblua;
			sourceTree = "<group>";
		};
		32A675332376D68A00124624 /* core */ = {
			isa = PBXGroup;
			children = (
				32A675342376D68A00124624 /* lmem.h */,
				32A675352376D68A00124624 /* llimits.h */,
				32A675362376D68A00124624 /* lzio.h */,
				32A675372376D68A00124624 /* lgc.h */,
				32A675382376D68A00124624 /* lopcodes.c */,
				32A675392376D68A00124624 /* lstate.c */,
				32A6753A2376D68A00124624 /* lobject.c */,
				32A6753B2376D68A00124624 /* lvm.c */,
				32A6753C2376D68A00124624 /* lfunc.c */,
				32A6753D2376D68A00124624 /* ldebug.h */,
				32A6753E2376D68A00124624 /* lcode.h */,
				32A6753F2376D68A00124624 /* lapi.h */,
				32A675402376D68A00124624 /* lstring.c */,
				32A675412376D68A00124624 /* ldo.h */,
				32A675422376D68A00124624 /* lundump.c */,
				32A675432376D68A00124624 /* lctype.c */,
				32A675442376D68A00124624 /* llex.h */,
				32A675452376D68A00124624 /* ltm.h */,
				32A675462376D68A00124624 /* ltable.c */,
				32A675472376D68A00124624 /* lparser.h */,
				32A675482376D68A00124624 /* ldump.c */,
				32A675492376D68A00124624 /* lobject.h */,
				32A6754A2376D68A00124624 /* lstate.h */,
				32A6754B2376D68A00124624 /* lopcodes.h */,
				32A6754C2376D68A00124624 /* lgc.c */,
				32A6754D2376D68A00124624 /* lzio.c */,
				32A6754E2376D68A00124624 /* lmem.c */,
				32A6754F2376D68A00124624 /* lvm.h */,
				32A675502376D68A00124624 /* lstring.h */,
				32A675512376D68A00124624 /* lcode.c */,
				32A675522376D68A00124624 /* lapi.c */,
				32A675532376D68A00124624 /* ldebug.c */,
				32A675542376D68A00124624 /* lfunc.h */,
				32A675552376D68A00124624 /* lprefix.h */,
				32A675562376D68A00124624 /* lparser.c */,
				32A675572376D68B00124624 /* llex.c */,
				32A675582376D68B00124624 /* ltable.h */,
				32A675592376D68B00124624 /* ltm.c */,
				32A6755A2376D68B00124624 /* lctype.h */,
				32A6755B2376D68B00124624 /* ldo.c */,
				32A6755C2376D68B00124624 /* lundump.h */,
			);
			path = core;
			sourceTree = "<group>";
		};
		32A6755D2376D68B00124624 /* include */ = {
			isa = PBXGroup;
			children = (
				32A6755E2376D68B00124624 /* luaconf.h */,
				32A6755F2376D68B00124624 /* lua.hpp */,
				32A675602376D68B00124624 /* lualib.h */,
				32A675612376D68B00124624 /* lauxlib.h */,
				32A675622376D68B00124624 /* lua.h */,
			);
			path = include;
			sourceTree = "<group>";
		};
		32A675632376D68B00124624 /* libraries */ = {
			isa = PBXGroup;
			children = (
				32A675642376D68B00124624 /* lauxlib.c */,
				32A675652376D68B00124624 /* liolib.c */,
				32A675662376D68B00124624 /* lmathlib.c */,
				32A675672376D68B00124624 /* loadlib.c */,
				32A675682376D68B00124624 /* lstrlib.c */,
				32A675692376D68B00124624 /* linit.c */,
				32A6756A2376D68B00124624 /* loslib.c */,
				32A6756B2376D68B00124624 /* ldblib.c */,
				32A6756C2376D68B00124624 /* lutf8lib.c */,
				32A6756D2376D68B00124624 /* lcorolib.c */,
				32A6756E2376D68B00124624 /* ltablib.c */,
				32A6756F2376D68B00124624 /* lbitlib.c */,
				32A675702376D68B00124624 /* lbaselib.c */,
			);
			path = libraries;
			sourceTree = "<group>";
		};
		32CE993F21F2EAF20025DDF5 = {
			isa = PBXGroup;
			children = (
				32A675312376D68A00124624 /* liblua */,
				32CE998F21F2EBBC0025DDF5 /* cmod */,
				32CE994B21F2EAF20025DDF5 /* luawithlib */,
				32CE994A21F2EAF20025DDF5 /* Products */,
			);
			sourceTree = "<group>";
		};
		32CE994A21F2EAF20025DDF5 /* Products */ = {
			isa = PBXGroup;
			children = (
				32CE994921F2EAF20025DDF5 /* luawithlib.framework */,
				32CE9A7121F2ECB10025DDF5 /* libluawithlib.a */,
			);
			name = Products;
			sourceTree = "<group>";
		};
		32CE994B21F2EAF20025DDF5 /* luawithlib */ = {
			isa = PBXGroup;
			children = (
				32CE994C21F2EAF20025DDF5 /* luawithlib.h */,
				32CE994D21F2EAF20025DDF5 /* Info.plist */,
			);
			path = luawithlib;
			sourceTree = "<group>";
		};
		32CE998F21F2EBBC0025DDF5 /* cmod */ = {
			isa = PBXGroup;
			children = (
				32249384224D1F88007D9DA2 /* luanet */,
				32CE99AF21F2EBBC0025DDF5 /* luasocket */,
			);
			name = cmod;
			path = ../../cmod;
			sourceTree = "<group>";
		};
		32CE99AF21F2EBBC0025DDF5 /* luasocket */ = {
			isa = PBXGroup;
			children = (
				32CE99B121F2EBBC0025DDF5 /* include */,
				32CE99C621F2EBBC0025DDF5 /* src */,
			);
			path = luasocket;
			sourceTree = "<group>";
		};
		32CE99B121F2EBBC0025DDF5 /* include */ = {
			isa = PBXGroup;
			children = (
				32CE99B221F2EBBC0025DDF5 /* tcp.h */,
				32CE99B321F2EBBC0025DDF5 /* unixdgram.h */,
				32CE99B421F2EBBC0025DDF5 /* mime.h */,
				32CE99B521F2EBBC0025DDF5 /* unixstream.h */,
				32CE99B621F2EBBC0025DDF5 /* auxiliar.h */,
				32CE99B721F2EBBC0025DDF5 /* usocket.h */,
				32CE99B821F2EBBC0025DDF5 /* luasocket.h */,
				32CE99B921F2EBBC0025DDF5 /* inet.h */,
				32CE99BB21F2EBBC0025DDF5 /* options.h */,
				32CE99BC21F2EBBC0025DDF5 /* except.h */,
				32CE99BD21F2EBBC0025DDF5 /* pierror.h */,
				32CE99BE21F2EBBC0025DDF5 /* buffer.h */,
				32CE99BF21F2EBBC0025DDF5 /* io.h */,
				32CE99C021F2EBBC0025DDF5 /* compat.h */,
				32CE99C121F2EBBC0025DDF5 /* timeout.h */,
				32CE99C221F2EBBC0025DDF5 /* socket.h */,
				32CE99C321F2EBBC0025DDF5 /* udp.h */,
				32CE99C421F2EBBC0025DDF5 /* unix.h */,
				32CE99C521F2EBBC0025DDF5 /* select.h */,
			);
			path = include;
			sourceTree = "<group>";
		};
		32CE99C621F2EBBC0025DDF5 /* src */ = {
			isa = PBXGroup;
			children = (
				32CE99C721F2EBBC0025DDF5 /* buffer.c */,
				32CE99C821F2EBBC0025DDF5 /* serial.c */,
				32CE99C921F2EBBC0025DDF5 /* compat.c */,
				32CE99CA21F2EBBC0025DDF5 /* io.c */,
				32CE99CB21F2EBBC0025DDF5 /* timeout.c */,
				32CE99CC21F2EBBC0025DDF5 /* select.c */,
				32CE99CD21F2EBBC0025DDF5 /* unix.c */,
				32CE99CE21F2EBBC0025DDF5 /* udp.c */,
				32CE99CF21F2EBBC0025DDF5 /* mime.c */,
				32CE99D021F2EBBC0025DDF5 /* unixdgram.c */,
				32CE99D121F2EBBC0025DDF5 /* tcp.c */,
				32CE99D221F2EBBC0025DDF5 /* usocket.c */,
				32CE99D321F2EBBC0025DDF5 /* auxiliar.c */,
				32CE99D421F2EBBC0025DDF5 /* unixstream.c */,
				32CE99D521F2EBBC0025DDF5 /* inet.c */,
				32CE99D721F2EBBC0025DDF5 /* luasocket.c */,
				32CE99D821F2EBBC0025DDF5 /* except.c */,
				32CE99D921F2EBBC0025DDF5 /* options.c */,
			);
			path = src;
			sourceTree = "<group>";
		};
/* End PBXGroup section */

/* Begin PBXHeadersBuildPhase section */
		32CE994421F2EAF20025DDF5 /* Headers */ = {
			isa = PBXHeadersBuildPhase;
			buildActionMask = 2147483647;
			files = (
				3224938B224D1F88007D9DA2 /* luanet.h in Headers */,
				32A675B02376D68B00124624 /* lua.hpp in Headers */,
				32A675AF2376D68B00124624 /* luaconf.h in Headers */,
				32A675B32376D68B00124624 /* lua.h in Headers */,
				32A675B12376D68B00124624 /* lualib.h in Headers */,
				32A675B22376D68B00124624 /* lauxlib.h in Headers */,
				32CE9A4121F2EBBC0025DDF5 /* luasocket.h in Headers */,
				32CE9A4D21F2EBBC0025DDF5 /* unix.h in Headers */,
				32CE9A3B21F2EBBC0025DDF5 /* tcp.h in Headers */,
				32CE9A3F21F2EBBC0025DDF5 /* auxiliar.h in Headers */,
				32CE994E21F2EAF20025DDF5 /* luawithlib.h in Headers */,
				32CE9A4721F2EBBC0025DDF5 /* buffer.h in Headers */,
				32CE9A4A21F2EBBC0025DDF5 /* timeout.h in Headers */,
				32CE9A4221F2EBBC0025DDF5 /* inet.h in Headers */,
				32CE9A4421F2EBBC0025DDF5 /* options.h in Headers */,
				32CE9A4E21F2EBBC0025DDF5 /* select.h in Headers */,
				32CE9A4921F2EBBC0025DDF5 /* compat.h in Headers */,
				32CE9A3C21F2EBBC0025DDF5 /* unixdgram.h in Headers */,
				32CE9A4B21F2EBBC0025DDF5 /* socket.h in Headers */,
				32A675732376D68B00124624 /* llimits.h in Headers */,
				32A6759A2376D68B00124624 /* lvm.h in Headers */,
				32A675812376D68B00124624 /* lcode.h in Headers */,
				32A675AE2376D68B00124624 /* lundump.h in Headers */,
				32A675722376D68B00124624 /* lmem.h in Headers */,
				32A675752376D68B00124624 /* lgc.h in Headers */,
				32A6758B2376D68B00124624 /* ltm.h in Headers */,
				32A675912376D68B00124624 /* lobject.h in Headers */,
				32A675852376D68B00124624 /* ldo.h in Headers */,
				32A675742376D68B00124624 /* lzio.h in Headers */,
				32A675A82376D68B00124624 /* ltable.h in Headers */,
				32A675922376D68B00124624 /* lstate.h in Headers */,
				32A6758E2376D68B00124624 /* lparser.h in Headers */,
				32A675A32376D68B00124624 /* lprefix.h in Headers */,
				32A675AB2376D68B00124624 /* lctype.h in Headers */,
				32A675932376D68B00124624 /* lopcodes.h in Headers */,
				32A6758A2376D68B00124624 /* llex.h in Headers */,
				32A6759B2376D68B00124624 /* lstring.h in Headers */,
				32A675802376D68B00124624 /* ldebug.h in Headers */,
				32A675A22376D68B00124624 /* lfunc.h in Headers */,
				32A675822376D68B00124624 /* lapi.h in Headers */,
				32CE9A3E21F2EBBC0025DDF5 /* unixstream.h in Headers */,
				32CE9A4C21F2EBBC0025DDF5 /* udp.h in Headers */,
				32CE9A4521F2EBBC0025DDF5 /* except.h in Headers */,
				32CE9A4821F2EBBC0025DDF5 /* io.h in Headers */,
				32CE9A4621F2EBBC0025DDF5 /* pierror.h in Headers */,
				32CE9A4021F2EBBC0025DDF5 /* usocket.h in Headers */,
				32CE9A3D21F2EBBC0025DDF5 /* mime.h in Headers */,
			);
			runOnlyForDeploymentPostprocessing = 0;
		};
/* End PBXHeadersBuildPhase section */

/* Begin PBXNativeTarget section */
		32CE994821F2EAF20025DDF5 /* luawithlib */ = {
			isa = PBXNativeTarget;
			buildConfigurationList = 32CE995121F2EAF20025DDF5 /* Build configuration list for PBXNativeTarget "luawithlib" */;
			buildPhases = (
				32CE994421F2EAF20025DDF5 /* Headers */,
				32CE994521F2EAF20025DDF5 /* Sources */,
				32CE994621F2EAF20025DDF5 /* Frameworks */,
				32CE994721F2EAF20025DDF5 /* Resources */,
			);
			buildRules = (
			);
			dependencies = (
			);
			name = luawithlib;
			productName = luawithlib;
			productReference = 32CE994921F2EAF20025DDF5 /* luawithlib.framework */;
			productType = "com.apple.product-type.framework";
		};
		32CE9A7021F2ECB10025DDF5 /* luastatic */ = {
			isa = PBXNativeTarget;
			buildConfigurationList = 32CE9A7721F2ECB10025DDF5 /* Build configuration list for PBXNativeTarget "luastatic" */;
			buildPhases = (
				32CE9A6D21F2ECB10025DDF5 /* Sources */,
				32CE9A6E21F2ECB10025DDF5 /* Frameworks */,
				32CE9A6F21F2ECB10025DDF5 /* CopyFiles */,
			);
			buildRules = (
			);
			dependencies = (
			);
			name = luastatic;
			productName = luastatic;
			productReference = 32CE9A7121F2ECB10025DDF5 /* libluawithlib.a */;
			productType = "com.apple.product-type.library.static";
		};
/* End PBXNativeTarget section */

/* Begin PBXProject section */
		32CE994021F2EAF20025DDF5 /* Project object */ = {
			isa = PBXProject;
			attributes = {
				LastUpgradeCheck = 1010;
				ORGANIZATIONNAME = "yingkun zhang";
				TargetAttributes = {
					32CE994821F2EAF20025DDF5 = {
						CreatedOnToolsVersion = 10.1;
					};
					32CE9A7021F2ECB10025DDF5 = {
						CreatedOnToolsVersion = 10.1;
					};
				};
			};
			buildConfigurationList = 32CE994321F2EAF20025DDF5 /* Build configuration list for PBXProject "luawithlib" */;
			compatibilityVersion = "Xcode 9.3";
			developmentRegion = en;
			hasScannedForEncodings = 0;
			knownRegions = (
				en,
				Base,
			);
			mainGroup = 32CE993F21F2EAF20025DDF5;
			productRefGroup = 32CE994A21F2EAF20025DDF5 /* Products */;
			projectDirPath = "";
			projectRoot = "";
			targets = (
				32CE994821F2EAF20025DDF5 /* luawithlib */,
				32CE9A7021F2ECB10025DDF5 /* luastatic */,
			);
		};
/* End PBXProject section */

/* Begin PBXResourcesBuildPhase section */
		32CE994721F2EAF20025DDF5 /* Resources */ = {
			isa = PBXResourcesBuildPhase;
			buildActionMask = 2147483647;
			files = (
			);
			runOnlyForDeploymentPostprocessing = 0;
		};
/* End PBXResourcesBuildPhase section */

/* Begin PBXSourcesBuildPhase section */
		32CE994521F2EAF20025DDF5 /* Sources */ = {
			isa = PBXSourcesBuildPhase;
			buildActionMask = 2147483647;
			files = (
				32A675AC2376D68B00124624 /* ldo.c in Sources */,
				32A6757E2376D68B00124624 /* lfunc.c in Sources */,
				32A675C82376D68B00124624 /* ltablib.c in Sources */,
				32CE9A5921F2EBBC0025DDF5 /* tcp.c in Sources */,
				32A675B42376D68B00124624 /* lauxlib.c in Sources */,
				32A675982376D68B00124624 /* lmem.c in Sources */,
				32CE9A5221F2EBBC0025DDF5 /* io.c in Sources */,
				32CE9A5D21F2EBBC0025DDF5 /* inet.c in Sources */,
				32A675C62376D68B00124624 /* lcorolib.c in Sources */,
				32A675CC2376D68B00124624 /* lbaselib.c in Sources */,
				32CE9A5821F2EBBC0025DDF5 /* unixdgram.c in Sources */,
				32A675BA2376D68B00124624 /* loadlib.c in Sources */,
				32A675CA2376D68B00124624 /* lbitlib.c in Sources */,
				32CE9A6021F2EBBC0025DDF5 /* except.c in Sources */,
				32CE9A5421F2EBBC0025DDF5 /* select.c in Sources */,
				32A675882376D68B00124624 /* lctype.c in Sources */,
				32A675962376D68B00124624 /* lzio.c in Sources */,
				32CE9A5721F2EBBC0025DDF5 /* mime.c in Sources */,
				32A6758C2376D68B00124624 /* ltable.c in Sources */,
				32CE9A5321F2EBBC0025DDF5 /* timeout.c in Sources */,
				32A6759E2376D68B00124624 /* lapi.c in Sources */,
				32CE9A4F21F2EBBC0025DDF5 /* buffer.c in Sources */,
				32A675BE2376D68B00124624 /* linit.c in Sources */,
				32A675942376D68B00124624 /* lgc.c in Sources */,
				32A6757C2376D68B00124624 /* lvm.c in Sources */,
				32CE9A5C21F2EBBC0025DDF5 /* unixstream.c in Sources */,
				32CE9A5521F2EBBC0025DDF5 /* unix.c in Sources */,
				32CE9A5A21F2EBBC0025DDF5 /* usocket.c in Sources */,
				32A675762376D68B00124624 /* lopcodes.c in Sources */,
				32CE9A6121F2EBBC0025DDF5 /* options.c in Sources */,
				32A675C02376D68B00124624 /* loslib.c in Sources */,
				32A6758F2376D68B00124624 /* ldump.c in Sources */,
				32A675B62376D68B00124624 /* liolib.c in Sources */,
				32A675B82376D68B00124624 /* lmathlib.c in Sources */,
				32A675782376D68B00124624 /* lstate.c in Sources */,
				3224938C224D1F88007D9DA2 /* luanet.c in Sources */,
				32A6759C2376D68B00124624 /* lcode.c in Sources */,
				32A675832376D68B00124624 /* lstring.c in Sources */,
				32A675C22376D68B00124624 /* ldblib.c in Sources */,
				32CE9A5621F2EBBC0025DDF5 /* udp.c in Sources */,
				32A6757A2376D68B00124624 /* lobject.c in Sources */,
				32A675C42376D68B00124624 /* lutf8lib.c in Sources */,
				32CE9A5B21F2EBBC0025DDF5 /* auxiliar.c in Sources */,
				32CE9A5121F2EBBC0025DDF5 /* compat.c in Sources */,
				32A675A92376D68B00124624 /* ltm.c in Sources */,
				32A675A42376D68B00124624 /* lparser.c in Sources */,
				32A675BC2376D68B00124624 /* lstrlib.c in Sources */,
				32A675A62376D68B00124624 /* llex.c in Sources */,
				32A675A02376D68B00124624 /* ldebug.c in Sources */,
				32A675862376D68B00124624 /* lundump.c in Sources */,
				32CE9A5021F2EBBC0025DDF5 /* serial.c in Sources */,
				32CE9A5F21F2EBBC0025DDF5 /* luasocket.c in Sources */,
			);
			runOnlyForDeploymentPostprocessing = 0;
		};
		32CE9A6D21F2ECB10025DDF5 /* Sources */ = {
			isa = PBXSourcesBuildPhase;
			buildActionMask = 2147483647;
			files = (
				32A675AD2376D68B00124624 /* ldo.c in Sources */,
				32A6757F2376D68B00124624 /* lfunc.c in Sources */,
				32A675C92376D68B00124624 /* ltablib.c in Sources */,
				3224938D224D1F88007D9DA2 /* luanet.c in Sources */,
				32A675B52376D68B00124624 /* lauxlib.c in Sources */,
				32A675992376D68B00124624 /* lmem.c in Sources */,
				32CE9A7A21F2ECEC0025DDF5 /* buffer.c in Sources */,
				32CE9A7B21F2ECEC0025DDF5 /* serial.c in Sources */,
				32A675C72376D68B00124624 /* lcorolib.c in Sources */,
				32A675CD2376D68B00124624 /* lbaselib.c in Sources */,
				32CE9A7C21F2ECEC0025DDF5 /* compat.c in Sources */,
				32A675BB2376D68B00124624 /* loadlib.c in Sources */,
				32A675CB2376D68B00124624 /* lbitlib.c in Sources */,
				32CE9A7D21F2ECEC0025DDF5 /* io.c in Sources */,
				32CE9A7E21F2ECEC0025DDF5 /* timeout.c in Sources */,
				32A675892376D68B00124624 /* lctype.c in Sources */,
				32A675972376D68B00124624 /* lzio.c in Sources */,
				32CE9A7F21F2ECEC0025DDF5 /* select.c in Sources */,
				32A6758D2376D68B00124624 /* ltable.c in Sources */,
				32CE9A8021F2ECEC0025DDF5 /* unix.c in Sources */,
				32A6759F2376D68B00124624 /* lapi.c in Sources */,
				32CE9A8121F2ECEC0025DDF5 /* udp.c in Sources */,
				32A675BF2376D68B00124624 /* linit.c in Sources */,
				32A675952376D68B00124624 /* lgc.c in Sources */,
				32A6757D2376D68B00124624 /* lvm.c in Sources */,
				32CE9A8221F2ECEC0025DDF5 /* mime.c in Sources */,
				32CE9A8321F2ECEC0025DDF5 /* unixdgram.c in Sources */,
				32CE9A8421F2ECEC0025DDF5 /* tcp.c in Sources */,
				32A675772376D68B00124624 /* lopcodes.c in Sources */,
				32CE9A8521F2ECEC0025DDF5 /* usocket.c in Sources */,
				32A675C12376D68B00124624 /* loslib.c in Sources */,
				32A675902376D68B00124624 /* ldump.c in Sources */,
				32A675B72376D68B00124624 /* liolib.c in Sources */,
				32A675B92376D68B00124624 /* lmathlib.c in Sources */,
				32A675792376D68B00124624 /* lstate.c in Sources */,
				32CE9A8621F2ECEC0025DDF5 /* auxiliar.c in Sources */,
				32A6759D2376D68B00124624 /* lcode.c in Sources */,
				32A675842376D68B00124624 /* lstring.c in Sources */,
				32A675C32376D68B00124624 /* ldblib.c in Sources */,
				32CE9A8721F2ECEC0025DDF5 /* unixstream.c in Sources */,
				32A6757B2376D68B00124624 /* lobject.c in Sources */,
				32A675C52376D68B00124624 /* lutf8lib.c in Sources */,
				32CE9A8821F2ECEC0025DDF5 /* inet.c in Sources */,
				32CE9A8921F2ECEC0025DDF5 /* luasocket.c in Sources */,
				32A675AA2376D68B00124624 /* ltm.c in Sources */,
				32A675A52376D68B00124624 /* lparser.c in Sources */,
				32A675BD2376D68B00124624 /* lstrlib.c in Sources */,
				32A675A72376D68B00124624 /* llex.c in Sources */,
				32A675A12376D68B00124624 /* ldebug.c in Sources */,
				32A675872376D68B00124624 /* lundump.c in Sources */,
				32CE9A8A21F2ECEC0025DDF5 /* except.c in Sources */,
				32CE9A8B21F2ECEC0025DDF5 /* options.c in Sources */,
			);
			runOnlyForDeploymentPostprocessing = 0;
		};
/* End PBXSourcesBuildPhase section */

/* Begin XCBuildConfiguration section */
		32CE994F21F2EAF20025DDF5 /* Debug */ = {
			isa = XCBuildConfiguration;
			buildSettings = {
				ALWAYS_SEARCH_USER_PATHS = NO;
				CLANG_ANALYZER_NONNULL = YES;
				CLANG_ANALYZER_NUMBER_OBJECT_CONVERSION = YES_AGGRESSIVE;
				CLANG_CXX_LANGUAGE_STANDARD = "gnu++14";
				CLANG_CXX_LIBRARY = "libc++";
				CLANG_ENABLE_MODULES = YES;
				CLANG_ENABLE_OBJC_ARC = YES;
				CLANG_ENABLE_OBJC_WEAK = YES;
				CLANG_WARN_BLOCK_CAPTURE_AUTORELEASING = YES;
				CLANG_WARN_BOOL_CONVERSION = YES;
				CLANG_WARN_COMMA = YES;
				CLANG_WARN_CONSTANT_CONVERSION = YES;
				CLANG_WARN_DEPRECATED_OBJC_IMPLEMENTATIONS = YES;
				CLANG_WARN_DIRECT_OBJC_ISA_USAGE = YES_ERROR;
				CLANG_WARN_DOCUMENTATION_COMMENTS = YES;
				CLANG_WARN_EMPTY_BODY = YES;
				CLANG_WARN_ENUM_CONVERSION = YES;
				CLANG_WARN_INFINITE_RECURSION = YES;
				CLANG_WARN_INT_CONVERSION = YES;
				CLANG_WARN_NON_LITERAL_NULL_CONVERSION = YES;
				CLANG_WARN_OBJC_IMPLICIT_RETAIN_SELF = YES;
				CLANG_WARN_OBJC_LITERAL_CONVERSION = YES;
				CLANG_WARN_OBJC_ROOT_CLASS = YES_ERROR;
				CLANG_WARN_RANGE_LOOP_ANALYSIS = YES;
				CLANG_WARN_STRICT_PROTOTYPES = YES;
				CLANG_WARN_SUSPICIOUS_MOVE = YES;
				CLANG_WARN_UNGUARDED_AVAILABILITY = YES_AGGRESSIVE;
				CLANG_WARN_UNREACHABLE_CODE = YES;
				CLANG_WARN__DUPLICATE_METHOD_MATCH = YES;
				CODE_SIGN_IDENTITY = "iPhone Developer";
				COPY_PHASE_STRIP = NO;
				CURRENT_PROJECT_VERSION = 1;
				DEBUG_INFORMATION_FORMAT = dwarf;
				ENABLE_STRICT_OBJC_MSGSEND = YES;
				ENABLE_TESTABILITY = YES;
				GCC_C_LANGUAGE_STANDARD = gnu11;
				GCC_DYNAMIC_NO_PIC = NO;
				GCC_NO_COMMON_BLOCKS = YES;
				GCC_OPTIMIZATION_LEVEL = 0;
				GCC_PREPROCESSOR_DEFINITIONS = (
					"DEBUG=1",
					"$(inherited)",
				);
				GCC_WARN_64_TO_32_BIT_CONVERSION = YES;
				GCC_WARN_ABOUT_RETURN_TYPE = YES_ERROR;
				GCC_WARN_UNDECLARED_SELECTOR = YES;
				GCC_WARN_UNINITIALIZED_AUTOS = YES_AGGRESSIVE;
				GCC_WARN_UNUSED_FUNCTION = YES;
				GCC_WARN_UNUSED_VARIABLE = YES;
				IPHONEOS_DEPLOYMENT_TARGET = 12.1;
				MTL_ENABLE_DEBUG_INFO = INCLUDE_SOURCE;
				MTL_FAST_MATH = YES;
				ONLY_ACTIVE_ARCH = YES;
				SDKROOT = iphoneos;
				VERSIONING_SYSTEM = "apple-generic";
				VERSION_INFO_PREFIX = "";
			};
			name = Debug;
		};
		32CE995021F2EAF20025DDF5 /* Release */ = {
			isa = XCBuildConfiguration;
			buildSettings = {
				ALWAYS_SEARCH_USER_PATHS = NO;
				CLANG_ANALYZER_NONNULL = YES;
				CLANG_ANALYZER_NUMBER_OBJECT_CONVERSION = YES_AGGRESSIVE;
				CLANG_CXX_LANGUAGE_STANDARD = "gnu++14";
				CLANG_CXX_LIBRARY = "libc++";
				CLANG_ENABLE_MODULES = YES;
				CLANG_ENABLE_OBJC_ARC = YES;
				CLANG_ENABLE_OBJC_WEAK = YES;
				CLANG_WARN_BLOCK_CAPTURE_AUTORELEASING = YES;
				CLANG_WARN_BOOL_CONVERSION = YES;
				CLANG_WARN_COMMA = YES;
				CLANG_WARN_CONSTANT_CONVERSION = YES;
				CLANG_WARN_DEPRECATED_OBJC_IMPLEMENTATIONS = YES;
				CLANG_WARN_DIRECT_OBJC_ISA_USAGE = YES_ERROR;
				CLANG_WARN_DOCUMENTATION_COMMENTS = YES;
				CLANG_WARN_EMPTY_BODY = YES;
				CLANG_WARN_ENUM_CONVERSION = YES;
				CLANG_WARN_INFINITE_RECURSION = YES;
				CLANG_WARN_INT_CONVERSION = YES;
				CLANG_WARN_NON_LITERAL_NULL_CONVERSION = YES;
				CLANG_WARN_OBJC_IMPLICIT_RETAIN_SELF = YES;
				CLANG_WARN_OBJC_LITERAL_CONVERSION = YES;
				CLANG_WARN_OBJC_ROOT_CLASS = YES_ERROR;
				CLANG_WARN_RANGE_LOOP_ANALYSIS = YES;
				CLANG_WARN_STRICT_PROTOTYPES = YES;
				CLANG_WARN_SUSPICIOUS_MOVE = YES;
				CLANG_WARN_UNGUARDED_AVAILABILITY = YES_AGGRESSIVE;
				CLANG_WARN_UNREACHABLE_CODE = YES;
				CLANG_WARN__DUPLICATE_METHOD_MATCH = YES;
				CODE_SIGN_IDENTITY = "iPhone Developer";
				COPY_PHASE_STRIP = NO;
				CURRENT_PROJECT_VERSION = 1;
				DEBUG_INFORMATION_FORMAT = "dwarf-with-dsym";
				ENABLE_NS_ASSERTIONS = NO;
				ENABLE_STRICT_OBJC_MSGSEND = YES;
				GCC_C_LANGUAGE_STANDARD = gnu11;
				GCC_NO_COMMON_BLOCKS = YES;
				GCC_WARN_64_TO_32_BIT_CONVERSION = YES;
				GCC_WARN_ABOUT_RETURN_TYPE = YES_ERROR;
				GCC_WARN_UNDECLARED_SELECTOR = YES;
				GCC_WARN_UNINITIALIZED_AUTOS = YES_AGGRESSIVE;
				GCC_WARN_UNUSED_FUNCTION = YES;
				GCC_WARN_UNUSED_VARIABLE = YES;
				IPHONEOS_DEPLOYMENT_TARGET = 12.1;
				MTL_ENABLE_DEBUG_INFO = NO;
				MTL_FAST_MATH = YES;
				SDKROOT = iphoneos;
				VALIDATE_PRODUCT = YES;
				VERSIONING_SYSTEM = "apple-generic";
				VERSION_INFO_PREFIX = "";
			};
			name = Release;
		};
		32CE995221F2EAF20025DDF5 /* Debug */ = {
			isa = XCBuildConfiguration;
			buildSettings = {
				CODE_SIGN_IDENTITY = "";
				CODE_SIGN_STYLE = Automatic;
				CURRENT_PROJECT_VERSION = 5.3.5;
				DEFINES_MODULE = YES;
				DEVELOPMENT_TEAM = MAVTF79RK5;
				DYLIB_COMPATIBILITY_VERSION = 5.3.5;
				DYLIB_CURRENT_VERSION = 5.3.5;
				DYLIB_INSTALL_NAME_BASE = "@rpath";
				GCC_PREPROCESSOR_DEFINITIONS = (
					"TARGET_OS_IOS=1",
					"DEBUG=1",
				);
				INFOPLIST_FILE = luawithlib/Info.plist;
				INSTALL_PATH = "$(LOCAL_LIBRARY_DIR)/Frameworks";
				LD_RUNPATH_SEARCH_PATHS = (
					"$(inherited)",
					"@executable_path/Frameworks",
					"@loader_path/Frameworks",
				);
				OTHER_CFLAGS = (
					"-std=gnu99",
					"-Wall",
					"-Wextra",
					"-DLUA_USE_MACOSX",
					"-fPIC",
				);
				PRODUCT_BUNDLE_IDENTIFIER = com.zhyingkun.luawithlib;
				PRODUCT_NAME = "$(TARGET_NAME:c99extidentifier)";
				SKIP_INSTALL = YES;
				TARGETED_DEVICE_FAMILY = "1,2";
			};
			name = Debug;
		};
		32CE995321F2EAF20025DDF5 /* Release */ = {
			isa = XCBuildConfiguration;
			buildSettings = {
				CODE_SIGN_IDENTITY = "";
				CODE_SIGN_STYLE = Automatic;
				CURRENT_PROJECT_VERSION = 5.3.5;
				DEFINES_MODULE = YES;
				DEVELOPMENT_TEAM = MAVTF79RK5;
				DYLIB_COMPATIBILITY_VERSION = 5.3.5;
				DYLIB_CURRENT_VERSION = 5.3.5;
				DYLIB_INSTALL_NAME_BASE = "@rpath";
				GCC_PREPROCESSOR_DEFINITIONS = "TARGET_OS_IOS=1";
				INFOPLIST_FILE = luawithlib/Info.plist;
				INSTALL_PATH = "$(LOCAL_LIBRARY_DIR)/Frameworks";
				LD_RUNPATH_SEARCH_PATHS = (
					"$(inherited)",
					"@executable_path/Frameworks",
					"@loader_path/Frameworks",
				);
				OTHER_CFLAGS = (
					"-std=gnu99",
					"-Wall",
					"-Wextra",
					"-DLUA_USE_MACOSX",
					"-fPIC",
				);
				PRODUCT_BUNDLE_IDENTIFIER = com.zhyingkun.luawithlib;
				PRODUCT_NAME = "$(TARGET_NAME:c99extidentifier)";
				SKIP_INSTALL = YES;
				TARGETED_DEVICE_FAMILY = "1,2";
			};
			name = Release;
		};
		32CE9A7821F2ECB10025DDF5 /* Debug */ = {
			isa = XCBuildConfiguration;
			buildSettings = {
				CODE_SIGN_STYLE = Automatic;
				CURRENT_PROJECT_VERSION = 5.3.5;
				DEVELOPMENT_TEAM = MAVTF79RK5;
				GCC_PREPROCESSOR_DEFINITIONS = (
					"TARGET_OS_IOS=1",
					"DEBUG=1",
				);
				OTHER_CFLAGS = (
					"-std=gnu99",
					"-Wall",
					"-Wextra",
					"-DLUA_USE_MACOSX",
				);
				OTHER_LDFLAGS = "-ObjC";
				PRODUCT_NAME = luawithlib;
				SKIP_INSTALL = YES;
				TARGETED_DEVICE_FAMILY = "1,2";
			};
			name = Debug;
		};
		32CE9A7921F2ECB10025DDF5 /* Release */ = {
			isa = XCBuildConfiguration;
			buildSettings = {
				CODE_SIGN_STYLE = Automatic;
				CURRENT_PROJECT_VERSION = 5.3.5;
				DEVELOPMENT_TEAM = MAVTF79RK5;
				GCC_PREPROCESSOR_DEFINITIONS = "TARGET_OS_IOS=1";
				OTHER_CFLAGS = (
					"-std=gnu99",
					"-Wall",
					"-Wextra",
					"-DLUA_USE_MACOSX",
				);
				OTHER_LDFLAGS = "-ObjC";
				PRODUCT_NAME = luawithlib;
				SKIP_INSTALL = YES;
				TARGETED_DEVICE_FAMILY = "1,2";
			};
			name = Release;
		};
/* End XCBuildConfiguration section */

/* Begin XCConfigurationList section */
		32CE994321F2EAF20025DDF5 /* Build configuration list for PBXProject "luawithlib" */ = {
			isa = XCConfigurationList;
			buildConfigurations = (
				32CE994F21F2EAF20025DDF5 /* Debug */,
				32CE995021F2EAF20025DDF5 /* Release */,
			);
			defaultConfigurationIsVisible = 0;
			defaultConfigurationName = Release;
		};
		32CE995121F2EAF20025DDF5 /* Build configuration list for PBXNativeTarget "luawithlib" */ = {
			isa = XCConfigurationList;
			buildConfigurations = (
				32CE995221F2EAF20025DDF5 /* Debug */,
				32CE995321F2EAF20025DDF5 /* Release */,
			);
			defaultConfigurationIsVisible = 0;
			defaultConfigurationName = Release;
		};
		32CE9A7721F2ECB10025DDF5 /* Build configuration list for PBXNativeTarget "luastatic" */ = {
			isa = XCConfigurationList;
			buildConfigurations = (
				32CE9A7821F2ECB10025DDF5 /* Debug */,
				32CE9A7921F2ECB10025DDF5 /* Release */,
			);
			defaultConfigurationIsVisible = 0;
			defaultConfigurationName = Release;
		};
/* End XCConfigurationList section */
	};
	rootObject = 32CE994021F2EAF20025DDF5 /* Project object */;
}
